
Microsoft Visual Studio Solution File, Format Version 12.00
# Visual Studio Version 16
VisualStudioVersion = 16.0.29230.47
MinimumVisualStudioVersion = 10.0.40219.1
Project("{9A19103F-16F7-4668-BE54-9A1E7A4F7556}") = "DesignPattern", "DesignPattern\DesignPattern.csproj", "{BB1E89B5-22DE-43F5-847D-4C82CE462021}"
EndProject
Global
	GlobalSection(SolutionConfigurationPlatforms) = preSolution
		Debug|Any CPU = Debug|Any CPU
		Release|Any CPU = Release|Any CPU
	EndGlobalSection
	GlobalSection(ProjectConfigurationPlatforms) = postSolution
		{BB1E89B5-22DE-43F5-847D-4C82CE462021}.Debug|Any CPU.ActiveCfg = Debug|Any CPU
		{BB1E89B5-22DE-43F5-847D-4C82CE462021}.Debug|Any CPU.Build.0 = Debug|Any CPU
		{BB1E89B5-22DE-43F5-847D-4C82CE462021}.Release|Any CPU.ActiveCfg = Release|Any CPU
		{BB1E89B5-22DE-43F5-847D-4C82CE462021}.Release|Any CPU.Build.0 = Release|Any CPU
	EndGlobalSection
	GlobalSection(SolutionProperties) = preSolution
		HideSolutionNode = FALSE
	EndGlobalSection
	GlobalSection(ExtensibilityGlobals) = postSolution
		SolutionGuid = {B9371311-E149-4DD8-AA1E-CA5DA619F2B9}
	EndGlobalSection
EndGlobal
